
Microsoft Visual Studio Solution File, Format Version 12.00
# Visual Studio 15
VisualStudioVersion = 15.0.28307.705
MinimumVisualStudioVersion = 10.0.40219.1
Project("{FAE04EC0-301F-11D3-BF4B-00C04F79EFBC}") = "MVS(VISTA)", "MVS(VISTA)\MVS(VISTA).csproj", "{CDB9BB77-0E24-4482-81B1-D8E347D59963}"
EndProject
Project("{FAE04EC0-301F-11D3-BF4B-00C04F79EFBC}") = "Modelo", "Modelo\Modelo.csproj", "{4CC14B0C-F84F-4DAC-86C1-FFA6952CCB38}"
EndProject
Project("{FAE04EC0-301F-11D3-BF4B-00C04F79EFBC}") = "Controlador", "Controlador\Controlador.csproj", "{F88256BB-09D3-4B5E-9ECE-3491D62729F9}"
EndProject
Global
	GlobalSection(SolutionConfigurationPlatforms) = preSolution
		Debug|Any CPU = Debug|Any CPU
		Release|Any CPU = Release|Any CPU
	EndGlobalSection
	GlobalSection(ProjectConfigurationPlatforms) = postSolution
		{CDB9BB77-0E24-4482-81B1-D8E347D59963}.Debug|Any CPU.ActiveCfg = Debug|Any CPU
		{CDB9BB77-0E24-4482-81B1-D8E347D59963}.Debug|Any CPU.Build.0 = Debug|Any CPU
		{CDB9BB77-0E24-4482-81B1-D8E347D59963}.Release|Any CPU.ActiveCfg = Release|Any CPU
		{CDB9BB77-0E24-4482-81B1-D8E347D59963}.Release|Any CPU.Build.0 = Release|Any CPU
		{4CC14B0C-F84F-4DAC-86C1-FFA6952CCB38}.Debug|Any CPU.ActiveCfg = Debug|Any CPU
		{4CC14B0C-F84F-4DAC-86C1-FFA6952CCB38}.Debug|Any CPU.Build.0 = Debug|Any CPU
		{4CC14B0C-F84F-4DAC-86C1-FFA6952CCB38}.Release|Any CPU.ActiveCfg = Release|Any CPU
		{4CC14B0C-F84F-4DAC-86C1-FFA6952CCB38}.Release|Any CPU.Build.0 = Release|Any CPU
		{F88256BB-09D3-4B5E-9ECE-3491D62729F9}.Debug|Any CPU.ActiveCfg = Debug|Any CPU
		{F88256BB-09D3-4B5E-9ECE-3491D62729F9}.Debug|Any CPU.Build.0 = Debug|Any CPU
		{F88256BB-09D3-4B5E-9ECE-3491D62729F9}.Release|Any CPU.ActiveCfg = Release|Any CPU
		{F88256BB-09D3-4B5E-9ECE-3491D62729F9}.Release|Any CPU.Build.0 = Release|Any CPU
	EndGlobalSection
	GlobalSection(SolutionProperties) = preSolution
		HideSolutionNode = FALSE
	EndGlobalSection
	GlobalSection(ExtensibilityGlobals) = postSolution
		SolutionGuid = {B7A187C9-01CB-4F7D-A46C-51D03CE5DB01}
	EndGlobalSection
EndGlobal
